
Microsoft Visual Studio Solution File, Format Version 12.00
# Visual Studio Version 17
VisualStudioVersion = 17.8.34511.84
MinimumVisualStudioVersion = 10.0.40219.1
Project("{9A19103F-16F7-4668-BE54-9A1E7A4F7556}") = "SiliconApi", "SiliconApi\SiliconApi.csproj", "{7D8EE580-D901-49B6-9891-DDFABE5C6AC2}"
EndProject
Project("{9A19103F-16F7-4668-BE54-9A1E7A4F7556}") = "Infrastructure", "Infrastructure\Infrastructure.csproj", "{5402586E-DA62-47BD-9393-51264B6B3C5C}"
EndProject
Project("{FAE04EC0-301F-11D3-BF4B-00C04F79EFBC}") = "Data", "Data\Data.csproj", "{A17EE336-F27D-4D16-8BFA-79490055A2B3}"
EndProject
Global
	GlobalSection(SolutionConfigurationPlatforms) = preSolution
		Debug|Any CPU = Debug|Any CPU
		Release|Any CPU = Release|Any CPU
	EndGlobalSection
	GlobalSection(ProjectConfigurationPlatforms) = postSolution
		{7D8EE580-D901-49B6-9891-DDFABE5C6AC2}.Debug|Any CPU.ActiveCfg = Debug|Any CPU
		{7D8EE580-D901-49B6-9891-DDFABE5C6AC2}.Debug|Any CPU.Build.0 = Debug|Any CPU
		{7D8EE580-D901-49B6-9891-DDFABE5C6AC2}.Release|Any CPU.ActiveCfg = Release|Any CPU
		{7D8EE580-D901-49B6-9891-DDFABE5C6AC2}.Release|Any CPU.Build.0 = Release|Any CPU
		{5402586E-DA62-47BD-9393-51264B6B3C5C}.Debug|Any CPU.ActiveCfg = Debug|Any CPU
		{5402586E-DA62-47BD-9393-51264B6B3C5C}.Debug|Any CPU.Build.0 = Debug|Any CPU
		{5402586E-DA62-47BD-9393-51264B6B3C5C}.Release|Any CPU.ActiveCfg = Release|Any CPU
		{5402586E-DA62-47BD-9393-51264B6B3C5C}.Release|Any CPU.Build.0 = Release|Any CPU
		{A17EE336-F27D-4D16-8BFA-79490055A2B3}.Debug|Any CPU.ActiveCfg = Debug|Any CPU
		{A17EE336-F27D-4D16-8BFA-79490055A2B3}.Debug|Any CPU.Build.0 = Debug|Any CPU
		{A17EE336-F27D-4D16-8BFA-79490055A2B3}.Release|Any CPU.ActiveCfg = Release|Any CPU
		{A17EE336-F27D-4D16-8BFA-79490055A2B3}.Release|Any CPU.Build.0 = Release|Any CPU
	EndGlobalSection
	GlobalSection(SolutionProperties) = preSolution
		HideSolutionNode = FALSE
	EndGlobalSection
	GlobalSection(ExtensibilityGlobals) = postSolution
		SolutionGuid = {CB74228F-44DE-4B3F-9F8E-E480A9A8B72E}
	EndGlobalSection
EndGlobal
